
Microsoft Visual Studio Solution File, Format Version 12.00
# Visual Studio 2012
Project("{FAE04EC0-301F-11D3-BF4B-00C04F79EFBC}") = "CalculatorApp", "CalculatorApp\CalculatorApp.csproj", "{30FD25D9-C74D-46E3-8713-82E04C899586}"
EndProject
Global
	GlobalSection(SolutionConfigurationPlatforms) = preSolution
		Debug|Any CPU = Debug|Any CPU
		Release|Any CPU = Release|Any CPU
	EndGlobalSection
	GlobalSection(ProjectConfigurationPlatforms) = postSolution
		{30FD25D9-C74D-46E3-8713-82E04C899586}.Debug|Any CPU.ActiveCfg = Debug|Any CPU
		{30FD25D9-C74D-46E3-8713-82E04C899586}.Debug|Any CPU.Build.0 = Debug|Any CPU
		{30FD25D9-C74D-46E3-8713-82E04C899586}.Release|Any CPU.ActiveCfg = Release|Any CPU
		{30FD25D9-C74D-46E3-8713-82E04C899586}.Release|Any CPU.Build.0 = Release|Any CPU
	EndGlobalSection
	GlobalSection(SolutionProperties) = preSolution
		HideSolutionNode = FALSE
	EndGlobalSection
EndGlobal
