
Microsoft Visual Studio Solution File, Format Version 10.00
# Visual Studio 2008
Project("{FAE04EC0-301F-11D3-BF4B-00C04F79EFBC}") = "FileWatcherService", "FileWatcherService\FileWatcherService.csproj", "{928D98D2-B9D7-4CF4-B40F-4BCE9550C26A}"
EndProject
Project("{FAE04EC0-301F-11D3-BF4B-00C04F79EFBC}") = "IPC", "IPC\IPC.csproj", "{C766C21A-5B15-465E-96AA-4C5E997DD6D5}"
EndProject
Project("{54435603-DBB4-11D2-8724-00A0C9A8B90C}") = "InstallWatcherService", "InstallWatcherService\InstallWatcherService.vdproj", "{167058D4-CDF3-49B5-94F7-F969CD0542A1}"
EndProject
Project("{FAE04EC0-301F-11D3-BF4B-00C04F79EFBC}") = "FileWatcherClient", "FileWatcherClient\FileWatcherClient.csproj", "{73BA3A74-3BB9-4DAB-A82C-B39D9F0D2E4F}"
EndProject
Global
	GlobalSection(SolutionConfigurationPlatforms) = preSolution
		Debug|Any CPU = Debug|Any CPU
		Release|Any CPU = Release|Any CPU
	EndGlobalSection
	GlobalSection(ProjectConfigurationPlatforms) = postSolution
		{928D98D2-B9D7-4CF4-B40F-4BCE9550C26A}.Debug|Any CPU.ActiveCfg = Debug|Any CPU
		{928D98D2-B9D7-4CF4-B40F-4BCE9550C26A}.Debug|Any CPU.Build.0 = Debug|Any CPU
		{928D98D2-B9D7-4CF4-B40F-4BCE9550C26A}.Release|Any CPU.ActiveCfg = Release|Any CPU
		{928D98D2-B9D7-4CF4-B40F-4BCE9550C26A}.Release|Any CPU.Build.0 = Release|Any CPU
		{C766C21A-5B15-465E-96AA-4C5E997DD6D5}.Debug|Any CPU.ActiveCfg = Debug|Any CPU
		{C766C21A-5B15-465E-96AA-4C5E997DD6D5}.Debug|Any CPU.Build.0 = Debug|Any CPU
		{C766C21A-5B15-465E-96AA-4C5E997DD6D5}.Release|Any CPU.ActiveCfg = Release|Any CPU
		{C766C21A-5B15-465E-96AA-4C5E997DD6D5}.Release|Any CPU.Build.0 = Release|Any CPU
		{167058D4-CDF3-49B5-94F7-F969CD0542A1}.Debug|Any CPU.ActiveCfg = Debug
		{167058D4-CDF3-49B5-94F7-F969CD0542A1}.Release|Any CPU.ActiveCfg = Release
		{167058D4-CDF3-49B5-94F7-F969CD0542A1}.Release|Any CPU.Build.0 = Release
		{73BA3A74-3BB9-4DAB-A82C-B39D9F0D2E4F}.Debug|Any CPU.ActiveCfg = Debug|Any CPU
		{73BA3A74-3BB9-4DAB-A82C-B39D9F0D2E4F}.Debug|Any CPU.Build.0 = Debug|Any CPU
		{73BA3A74-3BB9-4DAB-A82C-B39D9F0D2E4F}.Release|Any CPU.ActiveCfg = Release|Any CPU
		{73BA3A74-3BB9-4DAB-A82C-B39D9F0D2E4F}.Release|Any CPU.Build.0 = Release|Any CPU
	EndGlobalSection
	GlobalSection(SolutionProperties) = preSolution
		HideSolutionNode = FALSE
	EndGlobalSection
EndGlobal
